
Microsoft Visual Studio Solution File, Format Version 12.00
# Visual Studio Version 17
VisualStudioVersion = 17.10.35027.167
MinimumVisualStudioVersion = 10.0.40219.1
Project("{FAE04EC0-301F-11D3-BF4B-00C04F79EFBC}") = "GeneratorSV", "GeneratorSV.csproj", "{7BEEF9A1-6C78-4032-9410-8E67F1B77FF2}"
EndProject
Global
	GlobalSection(SolutionConfigurationPlatforms) = preSolution
		Debug|Any CPU = Debug|Any CPU
		Release|Any CPU = Release|Any CPU
	EndGlobalSection
	GlobalSection(ProjectConfigurationPlatforms) = postSolution
		{7BEEF9A1-6C78-4032-9410-8E67F1B77FF2}.Debug|Any CPU.ActiveCfg = Debug|Any CPU
		{7BEEF9A1-6C78-4032-9410-8E67F1B77FF2}.Debug|Any CPU.Build.0 = Debug|Any CPU
		{7BEEF9A1-6C78-4032-9410-8E67F1B77FF2}.Release|Any CPU.ActiveCfg = Release|Any CPU
		{7BEEF9A1-6C78-4032-9410-8E67F1B77FF2}.Release|Any CPU.Build.0 = Release|Any CPU
	EndGlobalSection
	GlobalSection(SolutionProperties) = preSolution
		HideSolutionNode = FALSE
	EndGlobalSection
	GlobalSection(ExtensibilityGlobals) = postSolution
		SolutionGuid = {76FA3750-97BA-4001-8827-C6F5F069EA8B}
	EndGlobalSection
EndGlobal
